
Microsoft Visual Studio Solution File, Format Version 12.00
# Visual Studio Version 17
VisualStudioVersion = 17.5.33516.290
MinimumVisualStudioVersion = 10.0.40219.1
Project("{2150E333-8FDC-42A3-9474-1A3956D46DE8}") = "Elementi di soluzione", "Elementi di soluzione", "{37D1E7DE-46B8-42A5-AF32-144CC1B457A5}"
	ProjectSection(SolutionItems) = preProject
		mssqlserver-db_videogame.sql = mssqlserver-db_videogame.sql
	EndProjectSection
EndProject
Project("{2150E333-8FDC-42A3-9474-1A3956D46DE8}") = "queries", "queries", "{4C19193C-8FDA-4123-9298-43ACA908436E}"
	ProjectSection(SolutionItems) = preProject
		select.sql = select.sql
		join.sql = join.sql
		group-by.sql = group-by.sql
	EndProjectSection
EndProject
Global
	GlobalSection(SolutionConfigurationPlatforms) = preSolution
		Debug|Any CPU = Debug|Any CPU
		Release|Any CPU = Release|Any CPU
	EndGlobalSection
	GlobalSection(SolutionProperties) = preSolution
		HideSolutionNode = FALSE
	EndGlobalSection
	GlobalSection(NestedProjects) = preSolution
		{4C19193C-8FDA-4123-9298-43ACA908436E} = {37D1E7DE-46B8-42A5-AF32-144CC1B457A5}
	EndGlobalSection
	GlobalSection(ExtensibilityGlobals) = postSolution
		SolutionGuid = {BEF4389E-DEC2-4086-B81C-DF65CCBBC07E}
	EndGlobalSection
EndGlobal
